
Microsoft Visual Studio Solution File, Format Version 12.00
# Visual Studio Version 17
VisualStudioVersion = 17.3.32929.385
MinimumVisualStudioVersion = 10.0.40219.1
Project("{2150E333-8FDC-42A3-9474-1A3956D46DE8}") = "EntityFrameworkCore", "EntityFrameworkCore", "{40BE4DC0-96ED-4A6B-BE79-C0A4C6B37EE5}"
EndProject
Project("{9A19103F-16F7-4668-BE54-9A1E7A4F7556}") = "EFCore1", "EntityFrameworkCore\EFCore1\EFCore1.csproj", "{C6359C12-658A-4033-8535-134600D15553}"
EndProject
Project("{9A19103F-16F7-4668-BE54-9A1E7A4F7556}") = "EFCoreOneToMany", "EntityFrameworkCore\EFCoreOneToMany\EFCoreOneToMany.csproj", "{608396FD-0367-4093-B0CC-706DE7D4A98B}"
EndProject
Project("{2150E333-8FDC-42A3-9474-1A3956D46DE8}") = "Expression", "Expression", "{D3B9D71F-18EE-4FE0-A9B0-E1CD80DBDF52}"
EndProject
Project("{9A19103F-16F7-4668-BE54-9A1E7A4F7556}") = "ExpressionLearn", "Expression\ExpressionLearn\ExpressionLearn.csproj", "{B9334BC7-5198-4A84-97E1-E151978CD232}"
EndProject
Project("{2150E333-8FDC-42A3-9474-1A3956D46DE8}") = "ASP.NetCore", "ASP.NetCore", "{3B41D378-CB40-4C5B-BFC0-D8CA3DBB7A26}"
EndProject
Project("{9A19103F-16F7-4668-BE54-9A1E7A4F7556}") = "CoreMVC", "ASP.NetCore\MVCTest\CoreMVC\CoreMVC.csproj", "{64BBD73D-354B-4038-BA7B-3679150D57E1}"
EndProject
Project("{2150E333-8FDC-42A3-9474-1A3956D46DE8}") = "DI", "DI", "{94E2E87A-83F1-4EBD-B008-1E55F882B6D6}"
EndProject
Project("{9A19103F-16F7-4668-BE54-9A1E7A4F7556}") = "DI_1", "DI\DI_1\DI_1.csproj", "{C751CE4B-D42F-448D-9333-56FC5302F206}"
EndProject
Project("{9A19103F-16F7-4668-BE54-9A1E7A4F7556}") = "DI_WebAPI", "DI\DI_WebAPI\DI_WebAPI.csproj", "{9C255595-95ED-4C59-8475-356A9BEB0B37}"
EndProject
Project("{9A19103F-16F7-4668-BE54-9A1E7A4F7556}") = "DI_Lib1", "DI\DI_Lib1\DI_Lib1.csproj", "{34431B5B-9D36-4F6C-B75E-740159B78AEE}"
EndProject
Project("{9A19103F-16F7-4668-BE54-9A1E7A4F7556}") = "DI_Lib2", "DI\DI_Lib2\DI_Lib2.csproj", "{721D8D88-3B9C-4A36-8511-C45682E38878}"
EndProject
Project("{2150E333-8FDC-42A3-9474-1A3956D46DE8}") = "Cache", "Cache", "{21295128-6062-437F-B327-4487AA5DA579}"
EndProject
Project("{9A19103F-16F7-4668-BE54-9A1E7A4F7556}") = "Cache_WebAPI1", "Cache\Cache_WebAPI1\Cache_WebAPI1.csproj", "{09F54F57-A96C-4455-A578-EF1734DAAA1E}"
EndProject
Project("{9A19103F-16F7-4668-BE54-9A1E7A4F7556}") = "Cache_Redis", "Cache\Cache_Redis\Cache_Redis.csproj", "{5BB794BA-B762-4D23-8587-12EE91DC65FF}"
EndProject
Project("{2150E333-8FDC-42A3-9474-1A3956D46DE8}") = "Config", "Config", "{A497EC7B-8404-429C-95AE-2B6A040ED622}"
EndProject
Project("{FAE04EC0-301F-11D3-BF4B-00C04F79EFBC}") = "Config_WebAPI", "Config\Config_WebAPI\Config_WebAPI.csproj", "{FBA89312-99D2-4EFD-9CB4-A82907FA001D}"
EndProject
Global
	GlobalSection(SolutionConfigurationPlatforms) = preSolution
		Debug|Any CPU = Debug|Any CPU
		Release|Any CPU = Release|Any CPU
	EndGlobalSection
	GlobalSection(ProjectConfigurationPlatforms) = postSolution
		{C6359C12-658A-4033-8535-134600D15553}.Debug|Any CPU.ActiveCfg = Debug|Any CPU
		{C6359C12-658A-4033-8535-134600D15553}.Debug|Any CPU.Build.0 = Debug|Any CPU
		{C6359C12-658A-4033-8535-134600D15553}.Release|Any CPU.ActiveCfg = Release|Any CPU
		{C6359C12-658A-4033-8535-134600D15553}.Release|Any CPU.Build.0 = Release|Any CPU
		{608396FD-0367-4093-B0CC-706DE7D4A98B}.Debug|Any CPU.ActiveCfg = Debug|Any CPU
		{608396FD-0367-4093-B0CC-706DE7D4A98B}.Debug|Any CPU.Build.0 = Debug|Any CPU
		{608396FD-0367-4093-B0CC-706DE7D4A98B}.Release|Any CPU.ActiveCfg = Release|Any CPU
		{608396FD-0367-4093-B0CC-706DE7D4A98B}.Release|Any CPU.Build.0 = Release|Any CPU
		{B9334BC7-5198-4A84-97E1-E151978CD232}.Debug|Any CPU.ActiveCfg = Debug|Any CPU
		{B9334BC7-5198-4A84-97E1-E151978CD232}.Debug|Any CPU.Build.0 = Debug|Any CPU
		{B9334BC7-5198-4A84-97E1-E151978CD232}.Release|Any CPU.ActiveCfg = Release|Any CPU
		{B9334BC7-5198-4A84-97E1-E151978CD232}.Release|Any CPU.Build.0 = Release|Any CPU
		{64BBD73D-354B-4038-BA7B-3679150D57E1}.Debug|Any CPU.ActiveCfg = Debug|Any CPU
		{64BBD73D-354B-4038-BA7B-3679150D57E1}.Debug|Any CPU.Build.0 = Debug|Any CPU
		{64BBD73D-354B-4038-BA7B-3679150D57E1}.Release|Any CPU.ActiveCfg = Release|Any CPU
		{64BBD73D-354B-4038-BA7B-3679150D57E1}.Release|Any CPU.Build.0 = Release|Any CPU
		{C751CE4B-D42F-448D-9333-56FC5302F206}.Debug|Any CPU.ActiveCfg = Debug|Any CPU
		{C751CE4B-D42F-448D-9333-56FC5302F206}.Debug|Any CPU.Build.0 = Debug|Any CPU
		{C751CE4B-D42F-448D-9333-56FC5302F206}.Release|Any CPU.ActiveCfg = Release|Any CPU
		{C751CE4B-D42F-448D-9333-56FC5302F206}.Release|Any CPU.Build.0 = Release|Any CPU
		{9C255595-95ED-4C59-8475-356A9BEB0B37}.Debug|Any CPU.ActiveCfg = Debug|Any CPU
		{9C255595-95ED-4C59-8475-356A9BEB0B37}.Debug|Any CPU.Build.0 = Debug|Any CPU
		{9C255595-95ED-4C59-8475-356A9BEB0B37}.Release|Any CPU.ActiveCfg = Release|Any CPU
		{9C255595-95ED-4C59-8475-356A9BEB0B37}.Release|Any CPU.Build.0 = Release|Any CPU
		{34431B5B-9D36-4F6C-B75E-740159B78AEE}.Debug|Any CPU.ActiveCfg = Debug|Any CPU
		{34431B5B-9D36-4F6C-B75E-740159B78AEE}.Debug|Any CPU.Build.0 = Debug|Any CPU
		{34431B5B-9D36-4F6C-B75E-740159B78AEE}.Release|Any CPU.ActiveCfg = Release|Any CPU
		{34431B5B-9D36-4F6C-B75E-740159B78AEE}.Release|Any CPU.Build.0 = Release|Any CPU
		{721D8D88-3B9C-4A36-8511-C45682E38878}.Debug|Any CPU.ActiveCfg = Debug|Any CPU
		{721D8D88-3B9C-4A36-8511-C45682E38878}.Debug|Any CPU.Build.0 = Debug|Any CPU
		{721D8D88-3B9C-4A36-8511-C45682E38878}.Release|Any CPU.ActiveCfg = Release|Any CPU
		{721D8D88-3B9C-4A36-8511-C45682E38878}.Release|Any CPU.Build.0 = Release|Any CPU
		{09F54F57-A96C-4455-A578-EF1734DAAA1E}.Debug|Any CPU.ActiveCfg = Debug|Any CPU
		{09F54F57-A96C-4455-A578-EF1734DAAA1E}.Debug|Any CPU.Build.0 = Debug|Any CPU
		{09F54F57-A96C-4455-A578-EF1734DAAA1E}.Release|Any CPU.ActiveCfg = Release|Any CPU
		{09F54F57-A96C-4455-A578-EF1734DAAA1E}.Release|Any CPU.Build.0 = Release|Any CPU
		{5BB794BA-B762-4D23-8587-12EE91DC65FF}.Debug|Any CPU.ActiveCfg = Debug|Any CPU
		{5BB794BA-B762-4D23-8587-12EE91DC65FF}.Debug|Any CPU.Build.0 = Debug|Any CPU
		{5BB794BA-B762-4D23-8587-12EE91DC65FF}.Release|Any CPU.ActiveCfg = Release|Any CPU
		{5BB794BA-B762-4D23-8587-12EE91DC65FF}.Release|Any CPU.Build.0 = Release|Any CPU
		{FBA89312-99D2-4EFD-9CB4-A82907FA001D}.Debug|Any CPU.ActiveCfg = Debug|Any CPU
		{FBA89312-99D2-4EFD-9CB4-A82907FA001D}.Debug|Any CPU.Build.0 = Debug|Any CPU
		{FBA89312-99D2-4EFD-9CB4-A82907FA001D}.Release|Any CPU.ActiveCfg = Release|Any CPU
		{FBA89312-99D2-4EFD-9CB4-A82907FA001D}.Release|Any CPU.Build.0 = Release|Any CPU
	EndGlobalSection
	GlobalSection(SolutionProperties) = preSolution
		HideSolutionNode = FALSE
	EndGlobalSection
	GlobalSection(NestedProjects) = preSolution
		{C6359C12-658A-4033-8535-134600D15553} = {40BE4DC0-96ED-4A6B-BE79-C0A4C6B37EE5}
		{608396FD-0367-4093-B0CC-706DE7D4A98B} = {40BE4DC0-96ED-4A6B-BE79-C0A4C6B37EE5}
		{B9334BC7-5198-4A84-97E1-E151978CD232} = {D3B9D71F-18EE-4FE0-A9B0-E1CD80DBDF52}
		{64BBD73D-354B-4038-BA7B-3679150D57E1} = {3B41D378-CB40-4C5B-BFC0-D8CA3DBB7A26}
		{C751CE4B-D42F-448D-9333-56FC5302F206} = {94E2E87A-83F1-4EBD-B008-1E55F882B6D6}
		{9C255595-95ED-4C59-8475-356A9BEB0B37} = {94E2E87A-83F1-4EBD-B008-1E55F882B6D6}
		{34431B5B-9D36-4F6C-B75E-740159B78AEE} = {94E2E87A-83F1-4EBD-B008-1E55F882B6D6}
		{721D8D88-3B9C-4A36-8511-C45682E38878} = {94E2E87A-83F1-4EBD-B008-1E55F882B6D6}
		{09F54F57-A96C-4455-A578-EF1734DAAA1E} = {21295128-6062-437F-B327-4487AA5DA579}
		{5BB794BA-B762-4D23-8587-12EE91DC65FF} = {21295128-6062-437F-B327-4487AA5DA579}
		{FBA89312-99D2-4EFD-9CB4-A82907FA001D} = {A497EC7B-8404-429C-95AE-2B6A040ED622}
	EndGlobalSection
	GlobalSection(ExtensibilityGlobals) = postSolution
		SolutionGuid = {9E4DBA3E-43F2-4103-938F-325295459C8D}
	EndGlobalSection
EndGlobal
