
Microsoft Visual Studio Solution File, Format Version 12.00
# Visual Studio Version 17
VisualStudioVersion = 17.3.32929.385
MinimumVisualStudioVersion = 10.0.40219.1
Project("{2150E333-8FDC-42A3-9474-1A3956D46DE8}") = "EntityFrameworkCore", "EntityFrameworkCore", "{40BE4DC0-96ED-4A6B-BE79-C0A4C6B37EE5}"
EndProject
Project("{9A19103F-16F7-4668-BE54-9A1E7A4F7556}") = "EFCore1", "EntityFrameworkCore\EFCore1\EFCore1.csproj", "{C6359C12-658A-4033-8535-134600D15553}"
EndProject
Project("{9A19103F-16F7-4668-BE54-9A1E7A4F7556}") = "EFCoreOneToMany", "EntityFrameworkCore\EFCoreOneToMany\EFCoreOneToMany.csproj", "{608396FD-0367-4093-B0CC-706DE7D4A98B}"
EndProject
Project("{2150E333-8FDC-42A3-9474-1A3956D46DE8}") = "Expression", "Expression", "{D3B9D71F-18EE-4FE0-A9B0-E1CD80DBDF52}"
EndProject
Project("{9A19103F-16F7-4668-BE54-9A1E7A4F7556}") = "ExpressionLearn", "Expression\ExpressionLearn\ExpressionLearn.csproj", "{B9334BC7-5198-4A84-97E1-E151978CD232}"
EndProject
Project("{2150E333-8FDC-42A3-9474-1A3956D46DE8}") = "ASP.NetCore", "ASP.NetCore", "{3B41D378-CB40-4C5B-BFC0-D8CA3DBB7A26}"
EndProject
Project("{9A19103F-16F7-4668-BE54-9A1E7A4F7556}") = "CoreMVC", "ASP.NetCore\MVCTest\CoreMVC\CoreMVC.csproj", "{64BBD73D-354B-4038-BA7B-3679150D57E1}"
EndProject
Project("{2150E333-8FDC-42A3-9474-1A3956D46DE8}") = "DI", "DI", "{94E2E87A-83F1-4EBD-B008-1E55F882B6D6}"
EndProject
Project("{FAE04EC0-301F-11D3-BF4B-00C04F79EFBC}") = "DI_1", "DI\DI_1\DI_1.csproj", "{C751CE4B-D42F-448D-9333-56FC5302F206}"
EndProject
Project("{FAE04EC0-301F-11D3-BF4B-00C04F79EFBC}") = "DI_WebAPI", "DI\DI_WebAPI\DI_WebAPI.csproj", "{9C255595-95ED-4C59-8475-356A9BEB0B37}"
EndProject
Global
	GlobalSection(SolutionConfigurationPlatforms) = preSolution
		Debug|Any CPU = Debug|Any CPU
		Release|Any CPU = Release|Any CPU
	EndGlobalSection
	GlobalSection(ProjectConfigurationPlatforms) = postSolution
		{C6359C12-658A-4033-8535-134600D15553}.Debug|Any CPU.ActiveCfg = Debug|Any CPU
		{C6359C12-658A-4033-8535-134600D15553}.Debug|Any CPU.Build.0 = Debug|Any CPU
		{C6359C12-658A-4033-8535-134600D15553}.Release|Any CPU.ActiveCfg = Release|Any CPU
		{C6359C12-658A-4033-8535-134600D15553}.Release|Any CPU.Build.0 = Release|Any CPU
		{608396FD-0367-4093-B0CC-706DE7D4A98B}.Debug|Any CPU.ActiveCfg = Debug|Any CPU
		{608396FD-0367-4093-B0CC-706DE7D4A98B}.Debug|Any CPU.Build.0 = Debug|Any CPU
		{608396FD-0367-4093-B0CC-706DE7D4A98B}.Release|Any CPU.ActiveCfg = Release|Any CPU
		{608396FD-0367-4093-B0CC-706DE7D4A98B}.Release|Any CPU.Build.0 = Release|Any CPU
		{B9334BC7-5198-4A84-97E1-E151978CD232}.Debug|Any CPU.ActiveCfg = Debug|Any CPU
		{B9334BC7-5198-4A84-97E1-E151978CD232}.Debug|Any CPU.Build.0 = Debug|Any CPU
		{B9334BC7-5198-4A84-97E1-E151978CD232}.Release|Any CPU.ActiveCfg = Release|Any CPU
		{B9334BC7-5198-4A84-97E1-E151978CD232}.Release|Any CPU.Build.0 = Release|Any CPU
		{64BBD73D-354B-4038-BA7B-3679150D57E1}.Debug|Any CPU.ActiveCfg = Debug|Any CPU
		{64BBD73D-354B-4038-BA7B-3679150D57E1}.Debug|Any CPU.Build.0 = Debug|Any CPU
		{64BBD73D-354B-4038-BA7B-3679150D57E1}.Release|Any CPU.ActiveCfg = Release|Any CPU
		{64BBD73D-354B-4038-BA7B-3679150D57E1}.Release|Any CPU.Build.0 = Release|Any CPU
		{C751CE4B-D42F-448D-9333-56FC5302F206}.Debug|Any CPU.ActiveCfg = Debug|Any CPU
		{C751CE4B-D42F-448D-9333-56FC5302F206}.Debug|Any CPU.Build.0 = Debug|Any CPU
		{C751CE4B-D42F-448D-9333-56FC5302F206}.Release|Any CPU.ActiveCfg = Release|Any CPU
		{C751CE4B-D42F-448D-9333-56FC5302F206}.Release|Any CPU.Build.0 = Release|Any CPU
		{9C255595-95ED-4C59-8475-356A9BEB0B37}.Debug|Any CPU.ActiveCfg = Debug|Any CPU
		{9C255595-95ED-4C59-8475-356A9BEB0B37}.Debug|Any CPU.Build.0 = Debug|Any CPU
		{9C255595-95ED-4C59-8475-356A9BEB0B37}.Release|Any CPU.ActiveCfg = Release|Any CPU
		{9C255595-95ED-4C59-8475-356A9BEB0B37}.Release|Any CPU.Build.0 = Release|Any CPU
	EndGlobalSection
	GlobalSection(SolutionProperties) = preSolution
		HideSolutionNode = FALSE
	EndGlobalSection
	GlobalSection(NestedProjects) = preSolution
		{C6359C12-658A-4033-8535-134600D15553} = {40BE4DC0-96ED-4A6B-BE79-C0A4C6B37EE5}
		{608396FD-0367-4093-B0CC-706DE7D4A98B} = {40BE4DC0-96ED-4A6B-BE79-C0A4C6B37EE5}
		{B9334BC7-5198-4A84-97E1-E151978CD232} = {D3B9D71F-18EE-4FE0-A9B0-E1CD80DBDF52}
		{64BBD73D-354B-4038-BA7B-3679150D57E1} = {3B41D378-CB40-4C5B-BFC0-D8CA3DBB7A26}
		{C751CE4B-D42F-448D-9333-56FC5302F206} = {94E2E87A-83F1-4EBD-B008-1E55F882B6D6}
		{9C255595-95ED-4C59-8475-356A9BEB0B37} = {94E2E87A-83F1-4EBD-B008-1E55F882B6D6}
	EndGlobalSection
	GlobalSection(ExtensibilityGlobals) = postSolution
		SolutionGuid = {9E4DBA3E-43F2-4103-938F-325295459C8D}
	EndGlobalSection
EndGlobal
